
Microsoft Visual Studio Solution File, Format Version 12.00
# Visual Studio 14
VisualStudioVersion = 14.0.25420.1
MinimumVisualStudioVersion = 10.0.40219.1
Project("{FAE04EC0-301F-11D3-BF4B-00C04F79EFBC}") = "Win.Rentas", "Win.Rentas\Win.Rentas.csproj", "{DBA11B51-6BA2-43EF-B019-83E2BB459CEA}"
EndProject
Project("{FAE04EC0-301F-11D3-BF4B-00C04F79EFBC}") = "BL.Rentas", "BL.Rentas\BL.Rentas.csproj", "{CEDB408C-04C3-470F-9DFC-CB822726690F}"
EndProject
Global
	GlobalSection(SolutionConfigurationPlatforms) = preSolution
		Debug|Any CPU = Debug|Any CPU
		Release|Any CPU = Release|Any CPU
	EndGlobalSection
	GlobalSection(ProjectConfigurationPlatforms) = postSolution
		{DBA11B51-6BA2-43EF-B019-83E2BB459CEA}.Debug|Any CPU.ActiveCfg = Debug|Any CPU
		{DBA11B51-6BA2-43EF-B019-83E2BB459CEA}.Debug|Any CPU.Build.0 = Debug|Any CPU
		{DBA11B51-6BA2-43EF-B019-83E2BB459CEA}.Release|Any CPU.ActiveCfg = Release|Any CPU
		{DBA11B51-6BA2-43EF-B019-83E2BB459CEA}.Release|Any CPU.Build.0 = Release|Any CPU
		{CEDB408C-04C3-470F-9DFC-CB822726690F}.Debug|Any CPU.ActiveCfg = Debug|Any CPU
		{CEDB408C-04C3-470F-9DFC-CB822726690F}.Debug|Any CPU.Build.0 = Debug|Any CPU
		{CEDB408C-04C3-470F-9DFC-CB822726690F}.Release|Any CPU.ActiveCfg = Release|Any CPU
		{CEDB408C-04C3-470F-9DFC-CB822726690F}.Release|Any CPU.Build.0 = Release|Any CPU
	EndGlobalSection
	GlobalSection(SolutionProperties) = preSolution
		HideSolutionNode = FALSE
	EndGlobalSection
EndGlobal
